
Microsoft Visual Studio Solution File, Format Version 12.00
# Visual Studio Version 17
VisualStudioVersion = 17.0.31903.59
MinimumVisualStudioVersion = 10.0.40219.1
Project("{9A19103F-16F7-4668-BE54-9A1E7A4F7556}") = "Sibers.ProjectManagementSystem.Domain", "Sibers.ProjectManagementSystem.Domain\Sibers.ProjectManagementSystem.Domain.csproj", "{76B66518-D3C0-4D0C-9163-B8935C0D242D}"
EndProject
Project("{9A19103F-16F7-4668-BE54-9A1E7A4F7556}") = "Sibers.ProjectManagementSystem.SharedKernel", "Sibers.ProjectManagementSystem.SharedKernel\Sibers.ProjectManagementSystem.SharedKernel.csproj", "{7C4F2682-E166-4F76-B914-64D819EA81DE}"
EndProject
Project("{9A19103F-16F7-4668-BE54-9A1E7A4F7556}") = "Sibers.ProjectManagementSystem.UnitTests", "Sibers.ProjectManagementSystem.UnitTests\Sibers.ProjectManagementSystem.UnitTests.csproj", "{1B6D98B3-0145-4312-A9DE-75872A457F0E}"
EndProject
Project("{9A19103F-16F7-4668-BE54-9A1E7A4F7556}") = "Sibers.ProjectManagementSystem.TestsFakes", "Sibers.ProjectManagementSystem.TestsFakes\Sibers.ProjectManagementSystem.TestsFakes.csproj", "{A2807528-6F9D-4740-8EFC-DD9FEB79D83A}"
EndProject
Project("{FAE04EC0-301F-11D3-BF4B-00C04F79EFBC}") = "Sibers.ProjectManagementSystem.DataAccess", "Infractructure\Sibers.ProjectManagementSystem.DataAccess\Sibers.ProjectManagementSystem.DataAccess.csproj", "{4D5E1BD5-990B-4AAC-AB92-4502EC5FAE91}"
EndProject
Global
	GlobalSection(SolutionConfigurationPlatforms) = preSolution
		Debug|Any CPU = Debug|Any CPU
		Release|Any CPU = Release|Any CPU
	EndGlobalSection
	GlobalSection(ProjectConfigurationPlatforms) = postSolution
		{76B66518-D3C0-4D0C-9163-B8935C0D242D}.Debug|Any CPU.ActiveCfg = Debug|Any CPU
		{76B66518-D3C0-4D0C-9163-B8935C0D242D}.Debug|Any CPU.Build.0 = Debug|Any CPU
		{76B66518-D3C0-4D0C-9163-B8935C0D242D}.Release|Any CPU.ActiveCfg = Release|Any CPU
		{76B66518-D3C0-4D0C-9163-B8935C0D242D}.Release|Any CPU.Build.0 = Release|Any CPU
		{7C4F2682-E166-4F76-B914-64D819EA81DE}.Debug|Any CPU.ActiveCfg = Debug|Any CPU
		{7C4F2682-E166-4F76-B914-64D819EA81DE}.Debug|Any CPU.Build.0 = Debug|Any CPU
		{7C4F2682-E166-4F76-B914-64D819EA81DE}.Release|Any CPU.ActiveCfg = Release|Any CPU
		{7C4F2682-E166-4F76-B914-64D819EA81DE}.Release|Any CPU.Build.0 = Release|Any CPU
		{1B6D98B3-0145-4312-A9DE-75872A457F0E}.Debug|Any CPU.ActiveCfg = Debug|Any CPU
		{1B6D98B3-0145-4312-A9DE-75872A457F0E}.Debug|Any CPU.Build.0 = Debug|Any CPU
		{1B6D98B3-0145-4312-A9DE-75872A457F0E}.Release|Any CPU.ActiveCfg = Release|Any CPU
		{1B6D98B3-0145-4312-A9DE-75872A457F0E}.Release|Any CPU.Build.0 = Release|Any CPU
		{A2807528-6F9D-4740-8EFC-DD9FEB79D83A}.Debug|Any CPU.ActiveCfg = Debug|Any CPU
		{A2807528-6F9D-4740-8EFC-DD9FEB79D83A}.Debug|Any CPU.Build.0 = Debug|Any CPU
		{A2807528-6F9D-4740-8EFC-DD9FEB79D83A}.Release|Any CPU.ActiveCfg = Release|Any CPU
		{A2807528-6F9D-4740-8EFC-DD9FEB79D83A}.Release|Any CPU.Build.0 = Release|Any CPU
		{4D5E1BD5-990B-4AAC-AB92-4502EC5FAE91}.Debug|Any CPU.ActiveCfg = Debug|Any CPU
		{4D5E1BD5-990B-4AAC-AB92-4502EC5FAE91}.Debug|Any CPU.Build.0 = Debug|Any CPU
		{4D5E1BD5-990B-4AAC-AB92-4502EC5FAE91}.Release|Any CPU.ActiveCfg = Release|Any CPU
		{4D5E1BD5-990B-4AAC-AB92-4502EC5FAE91}.Release|Any CPU.Build.0 = Release|Any CPU
	EndGlobalSection
	GlobalSection(SolutionProperties) = preSolution
		HideSolutionNode = FALSE
	EndGlobalSection
	GlobalSection(ExtensibilityGlobals) = postSolution
		SolutionGuid = {0E35153B-0012-4B10-99C4-A15395CAABB6}
	EndGlobalSection
EndGlobal
